
Microsoft Visual Studio Solution File, Format Version 12.00
# Visual Studio 15
VisualStudioVersion = 15.0.27130.2027
MinimumVisualStudioVersion = 10.0.40219.1
Project("{FAE04EC0-301F-11D3-BF4B-00C04F79EFBC}") = "WageCalculator", "WageCalculator\WageCalculator.csproj", "{68140537-4EA4-44DE-81BF-BC0E41969293}"
EndProject
Global
	GlobalSection(SolutionConfigurationPlatforms) = preSolution
		Debug|Any CPU = Debug|Any CPU
		Release|Any CPU = Release|Any CPU
	EndGlobalSection
	GlobalSection(ProjectConfigurationPlatforms) = postSolution
		{68140537-4EA4-44DE-81BF-BC0E41969293}.Debug|Any CPU.ActiveCfg = Debug|Any CPU
		{68140537-4EA4-44DE-81BF-BC0E41969293}.Debug|Any CPU.Build.0 = Debug|Any CPU
		{68140537-4EA4-44DE-81BF-BC0E41969293}.Release|Any CPU.ActiveCfg = Release|Any CPU
		{68140537-4EA4-44DE-81BF-BC0E41969293}.Release|Any CPU.Build.0 = Release|Any CPU
	EndGlobalSection
	GlobalSection(SolutionProperties) = preSolution
		HideSolutionNode = FALSE
	EndGlobalSection
	GlobalSection(ExtensibilityGlobals) = postSolution
		SolutionGuid = {C509D521-850F-42CB-9001-E32FBA98F73C}
	EndGlobalSection
EndGlobal
